{
  "name": "backend",
  "lockfileVersion": 3,
  "requires": true,
  "packages": {
    "": {
      "dependencies": {
        "@fastify/cors": "^7.0.0"
      }
    },
    "node_modules/@fastify/cors": {
      "version": "7.0.0",
      "resolved": "https://registry.npmjs.org/@fastify/cors/-/cors-7.0.0.tgz",
      "integrity": "sha512-nlo6ScwagBNJacAZD3KX90xjWLIoV0vN9QqoX1wUE9ZeZMdvkVkMZCGlxEtr00NshV0X5wDge4w5rwox7rRzSg==",
      "license": "MIT",
      "dependencies": {
        "fastify-plugin": "^3.0.0",
        "vary": "^1.1.2"
      }
    },
    "node_modules/fastify-plugin": {
      "version": "3.0.1",
      "resolved": "https://registry.npmjs.org/fastify-plugin/-/fastify-plugin-3.0.1.tgz",
      "integrity": "sha512-qKcDXmuZadJqdTm6vlCqioEbyewF60b/0LOFCcYN1B6BIZGlYJumWWOYs70SFYLDAH4YqdE1cxH/RKMG7rFxgA==",
      "license": "MIT"
    },
    "node_modules/vary": {
      "version": "1.1.2",
      "resolved": "https://registry.npmjs.org/vary/-/vary-1.1.2.tgz",
      "integrity": "sha512-BNGbWLfd0eUPabhkXUVm0j8uuvREyTh5ovRa/dyow/BqAbZJyC+5fU+IzQOzmAKzYqYRAISoRhdQr3eIZ/PXqg==",
      "license": "MIT",
      "engines": {
        "node": ">= 0.8"
      }
    }
  }
}
